
Microsoft Visual Studio Solution File, Format Version 11.00
# Visual Studio 2010
Project("{FAE04EC0-301F-11D3-BF4B-00C04F79EFBC}") = "BookWidget", "BookWidget\BookWidget.csproj", "{6A1A9186-B9B6-4590-BC8B-2D3A7AF6E45A}"
EndProject
Project("{FAE04EC0-301F-11D3-BF4B-00C04F79EFBC}") = "GoogleBook", "GoogleBook\GoogleBook.csproj", "{8506A94F-01C5-4CBF-9EAB-7E30CF803576}"
EndProject
Global
	GlobalSection(SolutionConfigurationPlatforms) = preSolution
		Debug|Any CPU = Debug|Any CPU
		Release|Any CPU = Release|Any CPU
	EndGlobalSection
	GlobalSection(ProjectConfigurationPlatforms) = postSolution
		{6A1A9186-B9B6-4590-BC8B-2D3A7AF6E45A}.Debug|Any CPU.ActiveCfg = Debug|Any CPU
		{6A1A9186-B9B6-4590-BC8B-2D3A7AF6E45A}.Debug|Any CPU.Build.0 = Debug|Any CPU
		{6A1A9186-B9B6-4590-BC8B-2D3A7AF6E45A}.Release|Any CPU.ActiveCfg = Release|Any CPU
		{6A1A9186-B9B6-4590-BC8B-2D3A7AF6E45A}.Release|Any CPU.Build.0 = Release|Any CPU
		{8506A94F-01C5-4CBF-9EAB-7E30CF803576}.Debug|Any CPU.ActiveCfg = Debug|Any CPU
		{8506A94F-01C5-4CBF-9EAB-7E30CF803576}.Debug|Any CPU.Build.0 = Debug|Any CPU
		{8506A94F-01C5-4CBF-9EAB-7E30CF803576}.Release|Any CPU.ActiveCfg = Release|Any CPU
		{8506A94F-01C5-4CBF-9EAB-7E30CF803576}.Release|Any CPU.Build.0 = Release|Any CPU
	EndGlobalSection
	GlobalSection(SolutionProperties) = preSolution
		HideSolutionNode = FALSE
	EndGlobalSection
EndGlobal
